
Microsoft Visual Studio Solution File, Format Version 12.00
Project("{FAE04EC0-301F-11D3-BF4B-00C04F79EFBC}") = "GranularPermissions", "GranularPermissions\GranularPermissions.csproj", "{3C41DD57-5F5F-456D-971D-EA75A63CF808}"
EndProject
Project("{FAE04EC0-301F-11D3-BF4B-00C04F79EFBC}") = "GranularPermissions.Mvc", "GranularPermissions.Mvc\GranularPermissions.Mvc.csproj", "{73366CD5-4D8D-45B6-854F-278524E343F2}"
EndProject
Global
	GlobalSection(SolutionConfigurationPlatforms) = preSolution
		Debug|Any CPU = Debug|Any CPU
		Release|Any CPU = Release|Any CPU
	EndGlobalSection
	GlobalSection(ProjectConfigurationPlatforms) = postSolution
		{3C41DD57-5F5F-456D-971D-EA75A63CF808}.Debug|Any CPU.ActiveCfg = Debug|Any CPU
		{3C41DD57-5F5F-456D-971D-EA75A63CF808}.Debug|Any CPU.Build.0 = Debug|Any CPU
		{3C41DD57-5F5F-456D-971D-EA75A63CF808}.Release|Any CPU.ActiveCfg = Release|Any CPU
		{3C41DD57-5F5F-456D-971D-EA75A63CF808}.Release|Any CPU.Build.0 = Release|Any CPU
		{73366CD5-4D8D-45B6-854F-278524E343F2}.Debug|Any CPU.ActiveCfg = Debug|Any CPU
		{73366CD5-4D8D-45B6-854F-278524E343F2}.Debug|Any CPU.Build.0 = Debug|Any CPU
		{73366CD5-4D8D-45B6-854F-278524E343F2}.Release|Any CPU.ActiveCfg = Release|Any CPU
		{73366CD5-4D8D-45B6-854F-278524E343F2}.Release|Any CPU.Build.0 = Release|Any CPU
	EndGlobalSection
EndGlobal
